{
  "name": "workspace",
  "lockfileVersion": 3,
  "requires": true,
  "packages": {
    "": {
      "dependencies": {
        "canvas": "^3.1.0",
        "react": "^19.0.0",
        "react-dom": "^19.0.0",
        "victory": "^37.3.6"
      }
    },
    "node_modules/@types/d3-array": {
      "version": "3.2.1",
      "resolved": "https://registry.npmjs.org/@types/d3-array/-/d3-array-3.2.1.tgz",
      "integrity": "sha512-Y2Jn2idRrLzUfAKV2LyRImR+y4oa2AntrgID95SHJxuMUrkNXmanDSed71sRNZysveJVt1hLLemQZIady0FpEg==",
      "license": "MIT"
    },
    "node_modules/@types/d3-color": {
      "version": "3.1.3",
      "resolved": "https://registry.npmjs.org/@types/d3-color/-/d3-color-3.1.3.tgz",
      "integrity": "sha512-iO90scth9WAbmgv7ogoq57O9YpKmFBbmoEoCHDB2xMBY0+/KVrqAaCDyCE16dUspeOvIxFFRI+0sEtqDqy2b4A==",
      "license": "MIT"
    },
    "node_modules/@types/d3-ease": {
      "version": "3.0.2",
      "resolved": "https://registry.npmjs.org/@types/d3-ease/-/d3-ease-3.0.2.tgz",
      "integrity": "sha512-NcV1JjO5oDzoK26oMzbILE6HW7uVXOHLQvHshBUW4UMdZGfiY6v5BeQwh9a9tCzv+CeefZQHJt5SRgK154RtiA==",
      "license": "MIT"
    },
    "node_modules/@types/d3-interpolate": {
      "version": "3.0.4",
      "resolved": "https://registry.npmjs.org/@types/d3-interpolate/-/d3-interpolate-3.0.4.tgz",
      "integrity": "sha512-mgLPETlrpVV1YRJIglr4Ez47g7Yxjl1lj7YKsiMCb27VJH9W8NVM6Bb9d8kkpG/uAQS5AmbA48q2IAolKKo1MA==",
      "license": "MIT",
      "dependencies": {
        "@types/d3-color": "*"
      }
    },
    "node_modules/@types/d3-path": {
      "version": "3.1.0",
      "resolved": "https://registry.npmjs.org/@types/d3-path/-/d3-path-3.1.0.tgz",
      "integrity": "sha512-P2dlU/q51fkOc/Gfl3Ul9kicV7l+ra934qBFXCFhrZMOL6du1TM0pm1ThYvENukyOn5h9v+yMJ9Fn5JK4QozrQ==",
      "license": "MIT"
    },
    "node_modules/@types/d3-scale": {
      "version": "4.0.8",
      "resolved": "https://registry.npmjs.org/@types/d3-scale/-/d3-scale-4.0.8.tgz",
      "integrity": "sha512-gkK1VVTr5iNiYJ7vWDI+yUFFlszhNMtVeneJ6lUTKPjprsvLLI9/tgEGiXJOnlINJA8FyA88gfnQsHbybVZrYQ==",
      "license": "MIT",
      "dependencies": {
        "@types/d3-time": "*"
      }
    },
    "node_modules/@types/d3-shape": {
      "version": "3.1.7",
      "resolved": "https://registry.npmjs.org/@types/d3-shape/-/d3-shape-3.1.7.tgz",
      "integrity": "sha512-VLvUQ33C+3J+8p+Daf+nYSOsjB4GXp19/S/aGo60m9h1v6XaxjiT82lKVWJCfzhtuZ3yD7i/TPeC/fuKLLOSmg==",
      "license": "MIT",
      "dependencies": {
        "@types/d3-path": "*"
      }
    },
    "node_modules/@types/d3-time": {
      "version": "3.0.4",
      "resolved": "https://registry.npmjs.org/@types/d3-time/-/d3-time-3.0.4.tgz",
      "integrity": "sha512-yuzZug1nkAAaBlBBikKZTgzCeA+k1uy4ZFwWANOfKw5z5LRhV0gNA7gNkKm7HoK+HRN0wX3EkxGk0fpbWhmB7g==",
      "license": "MIT"
    },
    "node_modules/@types/d3-timer": {
      "version": "3.0.2",
      "resolved": "https://registry.npmjs.org/@types/d3-timer/-/d3-timer-3.0.2.tgz",
      "integrity": "sha512-Ps3T8E8dZDam6fUyNiMkekK3XUsaUEik+idO9/YjPtfj2qruF8tFBXS7XhtE4iIXBLxhmLjP3SXpLhVf21I9Lw==",
      "license": "MIT"
    },
    "node_modules/base64-js": {
      "version": "1.5.1",
      "resolved": "https://registry.npmjs.org/base64-js/-/base64-js-1.5.1.tgz",
      "integrity": "sha512-AKpaYlHn8t4SVbOHCy+b5+KKgvR4vrsD8vbvrbiQJps7fKDTkjkDry6ji0rUJjC0kzbNePLwzxq8iypo41qeWA==",
      "funding": [
        {
          "type": "github",
          "url": "https://github.com/sponsors/feross"
        },
        {
          "type": "patreon",
          "url": "https://www.patreon.com/feross"
        },
        {
          "type": "consulting",
          "url": "https://feross.org/support"
        }
      ],
      "license": "MIT"
    },
    "node_modules/bl": {
      "version": "4.1.0",
      "resolved": "https://registry.npmjs.org/bl/-/bl-4.1.0.tgz",
      "integrity": "sha512-1W07cM9gS6DcLperZfFSj+bWLtaPGSOHWhPiGzXmvVJbRLdG82sH/Kn8EtW1VqWVA54AKf2h5k5BbnIbwF3h6w==",
      "license": "MIT",
      "dependencies": {
        "buffer": "^5.5.0",
        "inherits": "^2.0.4",
        "readable-stream": "^3.4.0"
      }
    },
    "node_modules/buffer": {
      "version": "5.7.1",
      "resolved": "https://registry.npmjs.org/buffer/-/buffer-5.7.1.tgz",
      "integrity": "sha512-EHcyIPBQ4BSGlvjB16k5KgAJ27CIsHY/2JBmCRReo48y9rQ3MaUzWX3KVlBa4U7MyX02HdVj0K7C3WaB3ju7FQ==",
      "funding": [
        {
          "type": "github",
          "url": "https://github.com/sponsors/feross"
        },
        {
          "type": "patreon",
          "url": "https://www.patreon.com/feross"
        },
        {
          "type": "consulting",
          "url": "https://feross.org/support"
        }
      ],
      "license": "MIT",
      "dependencies": {
        "base64-js": "^1.3.1",
        "ieee754": "^1.1.13"
      }
    },
    "node_modules/canvas": {
      "version": "3.1.0",
      "resolved": "https://registry.npmjs.org/canvas/-/canvas-3.1.0.tgz",
      "integrity": "sha512-tTj3CqqukVJ9NgSahykNwtGda7V33VLObwrHfzT0vqJXu7J4d4C/7kQQW3fOEGDfZZoILPut5H00gOjyttPGyg==",
      "hasInstallScript": true,
      "license": "MIT",
      "dependencies": {
        "node-addon-api": "^7.0.0",
        "prebuild-install": "^7.1.1"
      },
      "engines": {
        "node": "^18.12.0 || >= 20.9.0"
      }
    },
    "node_modules/chownr": {
      "version": "1.1.4",
      "resolved": "https://registry.npmjs.org/chownr/-/chownr-1.1.4.tgz",
      "integrity": "sha512-jJ0bqzaylmJtVnNgzTeSOs8DPavpbYgEr/b0YL8/2GO3xJEhInFmhKMUnEJQjZumK7KXGFhUy89PrsJWlakBVg==",
      "license": "ISC"
    },
    "node_modules/d3-array": {
      "version": "3.2.4",
      "resolved": "https://registry.npmjs.org/d3-array/-/d3-array-3.2.4.tgz",
      "integrity": "sha512-tdQAmyA18i4J7wprpYq8ClcxZy3SC31QMeByyCFyRt7BVHdREQZ5lpzoe5mFEYZUWe+oq8HBvk9JjpibyEV4Jg==",
      "license": "ISC",
      "dependencies": {
        "internmap": "1 - 2"
      },
      "engines": {
        "node": ">=12"
      }
    },
    "node_modules/d3-color": {
      "version": "3.1.0",
      "resolved": "https://registry.npmjs.org/d3-color/-/d3-color-3.1.0.tgz",
      "integrity": "sha512-zg/chbXyeBtMQ1LbD/WSoW2DpC3I0mpmPdW+ynRTj/x2DAWYrIY7qeZIHidozwV24m4iavr15lNwIwLxRmOxhA==",
      "license": "ISC",
      "engines": {
        "node": ">=12"
      }
    },
    "node_modules/d3-ease": {
      "version": "3.0.1",
      "resolved": "https://registry.npmjs.org/d3-ease/-/d3-ease-3.0.1.tgz",
      "integrity": "sha512-wR/XK3D3XcLIZwpbvQwQ5fK+8Ykds1ip7A2Txe0yxncXSdq1L9skcG7blcedkOX+ZcgxGAmLX1FrRGbADwzi0w==",
      "license": "BSD-3-Clause",
      "engines": {
        "node": ">=12"
      }
    },
    "node_modules/d3-format": {
      "version": "3.1.0",
      "resolved": "https://registry.npmjs.org/d3-format/-/d3-format-3.1.0.tgz",
      "integrity": "sha512-YyUI6AEuY/Wpt8KWLgZHsIU86atmikuoOmCfommt0LYHiQSPjvX2AcFc38PX0CBpr2RCyZhjex+NS/LPOv6YqA==",
      "license": "ISC",
      "engines": {
        "node": ">=12"
      }
    },
    "node_modules/d3-interpolate": {
      "version": "3.0.1",
      "resolved": "https://registry.npmjs.org/d3-interpolate/-/d3-interpolate-3.0.1.tgz",
      "integrity": "sha512-3bYs1rOD33uo8aqJfKP3JWPAibgw8Zm2+L9vBKEHJ2Rg+viTR7o5Mmv5mZcieN+FRYaAOWX5SJATX6k1PWz72g==",
      "license": "ISC",
      "dependencies": {
        "d3-color": "1 - 3"
      },
      "engines": {
        "node": ">=12"
      }
    },
    "node_modules/d3-path": {
      "version": "3.1.0",
      "resolved": "https://registry.npmjs.org/d3-path/-/d3-path-3.1.0.tgz",
      "integrity": "sha512-p3KP5HCf/bvjBSSKuXid6Zqijx7wIfNW+J/maPs+iwR35at5JCbLUT0LzF1cnjbCHWhqzQTIN2Jpe8pRebIEFQ==",
      "license": "ISC",
      "engines": {
        "node": ">=12"
      }
    },
    "node_modules/d3-scale": {
      "version": "4.0.2",
      "resolved": "https://registry.npmjs.org/d3-scale/-/d3-scale-4.0.2.tgz",
      "integrity": "sha512-GZW464g1SH7ag3Y7hXjf8RoUuAFIqklOAq3MRl4OaWabTFJY9PN/E1YklhXLh+OQ3fM9yS2nOkCoS+WLZ6kvxQ==",
      "license": "ISC",
      "dependencies": {
        "d3-array": "2.10.0 - 3",
        "d3-format": "1 - 3",
        "d3-interpolate": "1.2.0 - 3",
        "d3-time": "2.1.1 - 3",
        "d3-time-format": "2 - 4"
      },
      "engines": {
        "node": ">=12"
      }
    },
    "node_modules/d3-shape": {
      "version": "3.2.0",
      "resolved": "https://registry.npmjs.org/d3-shape/-/d3-shape-3.2.0.tgz",
      "integrity": "sha512-SaLBuwGm3MOViRq2ABk3eLoxwZELpH6zhl3FbAoJ7Vm1gofKx6El1Ib5z23NUEhF9AsGl7y+dzLe5Cw2AArGTA==",
      "license": "ISC",
      "dependencies": {
        "d3-path": "^3.1.0"
      },
      "engines": {
        "node": ">=12"
      }
    },
    "node_modules/d3-time": {
      "version": "3.1.0",
      "resolved": "https://registry.npmjs.org/d3-time/-/d3-time-3.1.0.tgz",
      "integrity": "sha512-VqKjzBLejbSMT4IgbmVgDjpkYrNWUYJnbCGo874u7MMKIWsILRX+OpX/gTk8MqjpT1A/c6HY2dCA77ZN0lkQ2Q==",
      "license": "ISC",
      "dependencies": {
        "d3-array": "2 - 3"
      },
      "engines": {
        "node": ">=12"
      }
    },
    "node_modules/d3-time-format": {
      "version": "4.1.0",
      "resolved": "https://registry.npmjs.org/d3-time-format/-/d3-time-format-4.1.0.tgz",
      "integrity": "sha512-dJxPBlzC7NugB2PDLwo9Q8JiTR3M3e4/XANkreKSUxF8vvXKqm1Yfq4Q5dl8budlunRVlUUaDUgFt7eA8D6NLg==",
      "license": "ISC",
      "dependencies": {
        "d3-time": "1 - 3"
      },
      "engines": {
        "node": ">=12"
      }
    },
    "node_modules/d3-timer": {
      "version": "3.0.1",
      "resolved": "https://registry.npmjs.org/d3-timer/-/d3-timer-3.0.1.tgz",
      "integrity": "sha512-ndfJ/JxxMd3nw31uyKoY2naivF+r29V+Lc0svZxe1JvvIRmi8hUsrMvdOwgS1o6uBHmiz91geQ0ylPP0aj1VUA==",
      "license": "ISC",
      "engines": {
        "node": ">=12"
      }
    },
    "node_modules/d3-voronoi": {
      "version": "1.1.4",
      "resolved": "https://registry.npmjs.org/d3-voronoi/-/d3-voronoi-1.1.4.tgz",
      "integrity": "sha512-dArJ32hchFsrQ8uMiTBLq256MpnZjeuBtdHpaDlYuQyjU0CVzCJl/BVW+SkszaAeH95D/8gxqAhgx0ouAWAfRg==",
      "license": "BSD-3-Clause"
    },
    "node_modules/decompress-response": {
      "version": "6.0.0",
      "resolved": "https://registry.npmjs.org/decompress-response/-/decompress-response-6.0.0.tgz",
      "integrity": "sha512-aW35yZM6Bb/4oJlZncMH2LCoZtJXTRxES17vE3hoRiowU2kWHaJKFkSBDnDR+cm9J+9QhXmREyIfv0pji9ejCQ==",
      "license": "MIT",
      "dependencies": {
        "mimic-response": "^3.1.0"
      },
      "engines": {
        "node": ">=10"
      },
      "funding": {
        "url": "https://github.com/sponsors/sindresorhus"
      }
    },
    "node_modules/deep-extend": {
      "version": "0.6.0",
      "resolved": "https://registry.npmjs.org/deep-extend/-/deep-extend-0.6.0.tgz",
      "integrity": "sha512-LOHxIOaPYdHlJRtCQfDIVZtfw/ufM8+rVj649RIHzcm/vGwQRXFt6OPqIFWsm2XEMrNIEtWR64sY1LEKD2vAOA==",
      "license": "MIT",
      "engines": {
        "node": ">=4.0.0"
      }
    },
    "node_modules/delaunator": {
      "version": "4.0.1",
      "resolved": "https://registry.npmjs.org/delaunator/-/delaunator-4.0.1.tgz",
      "integrity": "sha512-WNPWi1IRKZfCt/qIDMfERkDp93+iZEmOxN2yy4Jg+Xhv8SLk2UTqqbe1sfiipn0and9QrE914/ihdx82Y/Giag==",
      "license": "ISC"
    },
    "node_modules/delaunay-find": {
      "version": "0.0.6",
      "resolved": "https://registry.npmjs.org/delaunay-find/-/delaunay-find-0.0.6.tgz",
      "integrity": "sha512-1+almjfrnR7ZamBk0q3Nhg6lqSe6Le4vL0WJDSMx4IDbQwTpUTXPjxC00lqLBT8MYsJpPCbI16sIkw9cPsbi7Q==",
      "license": "ISC",
      "dependencies": {
        "delaunator": "^4.0.0"
      }
    },
    "node_modules/detect-libc": {
      "version": "2.0.3",
      "resolved": "https://registry.npmjs.org/detect-libc/-/detect-libc-2.0.3.tgz",
      "integrity": "sha512-bwy0MGW55bG41VqxxypOsdSdGqLwXPI/focwgTYCFMbdUiBAxLg9CFzG08sz2aqzknwiX7Hkl0bQENjg8iLByw==",
      "license": "Apache-2.0",
      "engines": {
        "node": ">=8"
      }
    },
    "node_modules/end-of-stream": {
      "version": "1.4.4",
      "resolved": "https://registry.npmjs.org/end-of-stream/-/end-of-stream-1.4.4.tgz",
      "integrity": "sha512-+uw1inIHVPQoaVuHzRyXd21icM+cnt4CzD5rW+NC1wjOUSTOs+Te7FOv7AhN7vS9x/oIyhLP5PR1H+phQAHu5Q==",
      "license": "MIT",
      "dependencies": {
        "once": "^1.4.0"
      }
    },
    "node_modules/expand-template": {
      "version": "2.0.3",
      "resolved": "https://registry.npmjs.org/expand-template/-/expand-template-2.0.3.tgz",
      "integrity": "sha512-XYfuKMvj4O35f/pOXLObndIRvyQ+/+6AhODh+OKWj9S9498pHHn/IMszH+gt0fBCRWMNfk1ZSp5x3AifmnI2vg==",
      "license": "(MIT OR WTFPL)",
      "engines": {
        "node": ">=6"
      }
    },
    "node_modules/fs-constants": {
      "version": "1.0.0",
      "resolved": "https://registry.npmjs.org/fs-constants/-/fs-constants-1.0.0.tgz",
      "integrity": "sha512-y6OAwoSIf7FyjMIv94u+b5rdheZEjzR63GTyZJm5qh4Bi+2YgwLCcI/fPFZkL5PSixOt6ZNKm+w+Hfp/Bciwow==",
      "license": "MIT"
    },
    "node_modules/github-from-package": {
      "version": "0.0.0",
      "resolved": "https://registry.npmjs.org/github-from-package/-/github-from-package-0.0.0.tgz",
      "integrity": "sha512-SyHy3T1v2NUXn29OsWdxmK6RwHD+vkj3v8en8AOBZ1wBQ/hCAQ5bAQTD02kW4W9tUp/3Qh6J8r9EvntiyCmOOw==",
      "license": "MIT"
    },
    "node_modules/ieee754": {
      "version": "1.2.1",
      "resolved": "https://registry.npmjs.org/ieee754/-/ieee754-1.2.1.tgz",
      "integrity": "sha512-dcyqhDvX1C46lXZcVqCpK+FtMRQVdIMN6/Df5js2zouUsqG7I6sFxitIC+7KYK29KdXOLHdu9zL4sFnoVQnqaA==",
      "funding": [
        {
          "type": "github",
          "url": "https://github.com/sponsors/feross"
        },
        {
          "type": "patreon",
          "url": "https://www.patreon.com/feross"
        },
        {
          "type": "consulting",
          "url": "https://feross.org/support"
        }
      ],
      "license": "BSD-3-Clause"
    },
    "node_modules/inherits": {
      "version": "2.0.4",
      "resolved": "https://registry.npmjs.org/inherits/-/inherits-2.0.4.tgz",
      "integrity": "sha512-k/vGaX4/Yla3WzyMCvTQOXYeIHvqOKtnqBduzTHpzpQZzAskKMhZ2K+EnBiSM9zGSoIFeMpXKxa4dYeZIQqewQ==",
      "license": "ISC"
    },
    "node_modules/ini": {
      "version": "1.3.8",
      "resolved": "https://registry.npmjs.org/ini/-/ini-1.3.8.tgz",
      "integrity": "sha512-JV/yugV2uzW5iMRSiZAyDtQd+nxtUnjeLt0acNdw98kKLrvuRVyB80tsREOE7yvGVgalhZ6RNXCmEHkUKBKxew==",
      "license": "ISC"
    },
    "node_modules/internmap": {
      "version": "2.0.3",
      "resolved": "https://registry.npmjs.org/internmap/-/internmap-2.0.3.tgz",
      "integrity": "sha512-5Hh7Y1wQbvY5ooGgPbDaL5iYLAPzMTUrjMulskHLH6wnv/A+1q5rgEaiuqEjB+oxGXIVZs1FF+R/KPN3ZSQYYg==",
      "license": "ISC",
      "engines": {
        "node": ">=12"
      }
    },
    "node_modules/json-stringify-safe": {
      "version": "5.0.1",
      "resolved": "https://registry.npmjs.org/json-stringify-safe/-/json-stringify-safe-5.0.1.tgz",
      "integrity": "sha512-ZClg6AaYvamvYEE82d3Iyd3vSSIjQ+odgjaTzRuO3s7toCdFKczob2i0zCh7JE8kWn17yvAWhUVxvqGwUalsRA==",
      "license": "ISC"
    },
    "node_modules/lodash": {
      "version": "4.17.21",
      "resolved": "https://registry.npmjs.org/lodash/-/lodash-4.17.21.tgz",
      "integrity": "sha512-v2kDEe57lecTulaDIuNTPy3Ry4gLGJ6Z1O3vE1krgXZNrsQ+LFTGHVxVjcXPs17LhbZVGedAJv8XZ1tvj5FvSg==",
      "license": "MIT"
    },
    "node_modules/mimic-response": {
      "version": "3.1.0",
      "resolved": "https://registry.npmjs.org/mimic-response/-/mimic-response-3.1.0.tgz",
      "integrity": "sha512-z0yWI+4FDrrweS8Zmt4Ej5HdJmky15+L2e6Wgn3+iK5fWzb6T3fhNFq2+MeTRb064c6Wr4N/wv0DzQTjNzHNGQ==",
      "license": "MIT",
      "engines": {
        "node": ">=10"
      },
      "funding": {
        "url": "https://github.com/sponsors/sindresorhus"
      }
    },
    "node_modules/minimist": {
      "version": "1.2.8",
      "resolved": "https://registry.npmjs.org/minimist/-/minimist-1.2.8.tgz",
      "integrity": "sha512-2yyAR8qBkN3YuheJanUpWC5U3bb5osDywNB8RzDVlDwDHbocAJveqqj1u8+SVD7jkWT4yvsHCpWqqWqAxb0zCA==",
      "license": "MIT",
      "funding": {
        "url": "https://github.com/sponsors/ljharb"
      }
    },
    "node_modules/mkdirp-classic": {
      "version": "0.5.3",
      "resolved": "https://registry.npmjs.org/mkdirp-classic/-/mkdirp-classic-0.5.3.tgz",
      "integrity": "sha512-gKLcREMhtuZRwRAfqP3RFW+TK4JqApVBtOIftVgjuABpAtpxhPGaDcfvbhNvD0B8iD1oUr/txX35NjcaY6Ns/A==",
      "license": "MIT"
    },
    "node_modules/napi-build-utils": {
      "version": "2.0.0",
      "resolved": "https://registry.npmjs.org/napi-build-utils/-/napi-build-utils-2.0.0.tgz",
      "integrity": "sha512-GEbrYkbfF7MoNaoh2iGG84Mnf/WZfB0GdGEsM8wz7Expx/LlWf5U8t9nvJKXSp3qr5IsEbK04cBGhol/KwOsWA==",
      "license": "MIT"
    },
    "node_modules/node-abi": {
      "version": "3.74.0",
      "resolved": "https://registry.npmjs.org/node-abi/-/node-abi-3.74.0.tgz",
      "integrity": "sha512-c5XK0MjkGBrQPGYG24GBADZud0NCbznxNx0ZkS+ebUTrmV1qTDxPxSL8zEAPURXSbLRWVexxmP4986BziahL5w==",
      "license": "MIT",
      "dependencies": {
        "semver": "^7.3.5"
      },
      "engines": {
        "node": ">=10"
      }
    },
    "node_modules/node-addon-api": {
      "version": "7.1.1",
      "resolved": "https://registry.npmjs.org/node-addon-api/-/node-addon-api-7.1.1.tgz",
      "integrity": "sha512-5m3bsyrjFWE1xf7nz7YXdN4udnVtXK6/Yfgn5qnahL6bCkf2yKt4k3nuTKAtT4r3IG8JNR2ncsIMdZuAzJjHQQ==",
      "license": "MIT"
    },
    "node_modules/once": {
      "version": "1.4.0",
      "resolved": "https://registry.npmjs.org/once/-/once-1.4.0.tgz",
      "integrity": "sha512-lNaJgI+2Q5URQBkccEKHTQOPaXdUxnZZElQTZY0MFUAuaEqe1E+Nyvgdz/aIyNi6Z9MzO5dv1H8n58/GELp3+w==",
      "license": "ISC",
      "dependencies": {
        "wrappy": "1"
      }
    },
    "node_modules/prebuild-install": {
      "version": "7.1.3",
      "resolved": "https://registry.npmjs.org/prebuild-install/-/prebuild-install-7.1.3.tgz",
      "integrity": "sha512-8Mf2cbV7x1cXPUILADGI3wuhfqWvtiLA1iclTDbFRZkgRQS0NqsPZphna9V+HyTEadheuPmjaJMsbzKQFOzLug==",
      "license": "MIT",
      "dependencies": {
        "detect-libc": "^2.0.0",
        "expand-template": "^2.0.3",
        "github-from-package": "0.0.0",
        "minimist": "^1.2.3",
        "mkdirp-classic": "^0.5.3",
        "napi-build-utils": "^2.0.0",
        "node-abi": "^3.3.0",
        "pump": "^3.0.0",
        "rc": "^1.2.7",
        "simple-get": "^4.0.0",
        "tar-fs": "^2.0.0",
        "tunnel-agent": "^0.6.0"
      },
      "bin": {
        "prebuild-install": "bin.js"
      },
      "engines": {
        "node": ">=10"
      }
    },
    "node_modules/pump": {
      "version": "3.0.2",
      "resolved": "https://registry.npmjs.org/pump/-/pump-3.0.2.tgz",
      "integrity": "sha512-tUPXtzlGM8FE3P0ZL6DVs/3P58k9nk8/jZeQCurTJylQA8qFYzHFfhBJkuqyE0FifOsQ0uKWekiZ5g8wtr28cw==",
      "license": "MIT",
      "dependencies": {
        "end-of-stream": "^1.1.0",
        "once": "^1.3.1"
      }
    },
    "node_modules/rc": {
      "version": "1.2.8",
      "resolved": "https://registry.npmjs.org/rc/-/rc-1.2.8.tgz",
      "integrity": "sha512-y3bGgqKj3QBdxLbLkomlohkvsA8gdAiUQlSBJnBhfn+BPxg4bc62d8TcBW15wavDfgexCgccckhcZvywyQYPOw==",
      "license": "(BSD-2-Clause OR MIT OR Apache-2.0)",
      "dependencies": {
        "deep-extend": "^0.6.0",
        "ini": "~1.3.0",
        "minimist": "^1.2.0",
        "strip-json-comments": "~2.0.1"
      },
      "bin": {
        "rc": "cli.js"
      }
    },
    "node_modules/react": {
      "version": "19.0.0",
      "resolved": "https://registry.npmjs.org/react/-/react-19.0.0.tgz",
      "integrity": "sha512-V8AVnmPIICiWpGfm6GLzCR/W5FXLchHop40W4nXBmdlEceh16rCN8O8LNWm5bh5XUX91fh7KpA+W0TgMKmgTpQ==",
      "license": "MIT",
      "engines": {
        "node": ">=0.10.0"
      }
    },
    "node_modules/react-dom": {
      "version": "19.0.0",
      "resolved": "https://registry.npmjs.org/react-dom/-/react-dom-19.0.0.tgz",
      "integrity": "sha512-4GV5sHFG0e/0AD4X+ySy6UJd3jVl1iNsNHdpad0qhABJ11twS3TTBnseqsKurKcsNqCEFeGL3uLpVChpIO3QfQ==",
      "license": "MIT",
      "dependencies": {
        "scheduler": "^0.25.0"
      },
      "peerDependencies": {
        "react": "^19.0.0"
      }
    },
    "node_modules/react-fast-compare": {
      "version": "3.2.2",
      "resolved": "https://registry.npmjs.org/react-fast-compare/-/react-fast-compare-3.2.2.tgz",
      "integrity": "sha512-nsO+KSNgo1SbJqJEYRE9ERzo7YtYbou/OqjSQKxV7jcKox7+usiUVZOAC+XnDOABXggQTno0Y1CpVnuWEc1boQ==",
      "license": "MIT"
    },
    "node_modules/readable-stream": {
      "version": "3.6.2",
      "resolved": "https://registry.npmjs.org/readable-stream/-/readable-stream-3.6.2.tgz",
      "integrity": "sha512-9u/sniCrY3D5WdsERHzHE4G2YCXqoG5FTHUiCC4SIbr6XcLZBY05ya9EKjYek9O5xOAwjGq+1JdGBAS7Q9ScoA==",
      "license": "MIT",
      "dependencies": {
        "inherits": "^2.0.3",
        "string_decoder": "^1.1.1",
        "util-deprecate": "^1.0.1"
      },
      "engines": {
        "node": ">= 6"
      }
    },
    "node_modules/safe-buffer": {
      "version": "5.2.1",
      "resolved": "https://registry.npmjs.org/safe-buffer/-/safe-buffer-5.2.1.tgz",
      "integrity": "sha512-rp3So07KcdmmKbGvgaNxQSJr7bGVSVk5S9Eq1F+ppbRo70+YeaDxkw5Dd8NPN+GD6bjnYm2VuPuCXmpuYvmCXQ==",
      "funding": [
        {
          "type": "github",
          "url": "https://github.com/sponsors/feross"
        },
        {
          "type": "patreon",
          "url": "https://www.patreon.com/feross"
        },
        {
          "type": "consulting",
          "url": "https://feross.org/support"
        }
      ],
      "license": "MIT"
    },
    "node_modules/scheduler": {
      "version": "0.25.0",
      "resolved": "https://registry.npmjs.org/scheduler/-/scheduler-0.25.0.tgz",
      "integrity": "sha512-xFVuu11jh+xcO7JOAGJNOXld8/TcEHK/4CituBUeUb5hqxJLj9YuemAEuvm9gQ/+pgXYfbQuqAkiYu+u7YEsNA==",
      "license": "MIT"
    },
    "node_modules/semver": {
      "version": "7.7.1",
      "resolved": "https://registry.npmjs.org/semver/-/semver-7.7.1.tgz",
      "integrity": "sha512-hlq8tAfn0m/61p4BVRcPzIGr6LKiMwo4VM6dGi6pt4qcRkmNzTcWq6eCEjEh+qXjkMDvPlOFFSGwQjoEa6gyMA==",
      "license": "ISC",
      "bin": {
        "semver": "bin/semver.js"
      },
      "engines": {
        "node": ">=10"
      }
    },
    "node_modules/simple-concat": {
      "version": "1.0.1",
      "resolved": "https://registry.npmjs.org/simple-concat/-/simple-concat-1.0.1.tgz",
      "integrity": "sha512-cSFtAPtRhljv69IK0hTVZQ+OfE9nePi/rtJmw5UjHeVyVroEqJXP1sFztKUy1qU+xvz3u/sfYJLa947b7nAN2Q==",
      "funding": [
        {
          "type": "github",
          "url": "https://github.com/sponsors/feross"
        },
        {
          "type": "patreon",
          "url": "https://www.patreon.com/feross"
        },
        {
          "type": "consulting",
          "url": "https://feross.org/support"
        }
      ],
      "license": "MIT"
    },
    "node_modules/simple-get": {
      "version": "4.0.1",
      "resolved": "https://registry.npmjs.org/simple-get/-/simple-get-4.0.1.tgz",
      "integrity": "sha512-brv7p5WgH0jmQJr1ZDDfKDOSeWWg+OVypG99A/5vYGPqJ6pxiaHLy8nxtFjBA7oMa01ebA9gfh1uMCFqOuXxvA==",
      "funding": [
        {
          "type": "github",
          "url": "https://github.com/sponsors/feross"
        },
        {
          "type": "patreon",
          "url": "https://www.patreon.com/feross"
        },
        {
          "type": "consulting",
          "url": "https://feross.org/support"
        }
      ],
      "license": "MIT",
      "dependencies": {
        "decompress-response": "^6.0.0",
        "once": "^1.3.1",
        "simple-concat": "^1.0.0"
      }
    },
    "node_modules/string_decoder": {
      "version": "1.3.0",
      "resolved": "https://registry.npmjs.org/string_decoder/-/string_decoder-1.3.0.tgz",
      "integrity": "sha512-hkRX8U1WjJFd8LsDJ2yQ/wWWxaopEsABU1XfkM8A+j0+85JAGppt16cr1Whg6KIbb4okU6Mql6BOj+uup/wKeA==",
      "license": "MIT",
      "dependencies": {
        "safe-buffer": "~5.2.0"
      }
    },
    "node_modules/strip-json-comments": {
      "version": "2.0.1",
      "resolved": "https://registry.npmjs.org/strip-json-comments/-/strip-json-comments-2.0.1.tgz",
      "integrity": "sha512-4gB8na07fecVVkOI6Rs4e7T6NOTki5EmL7TUduTs6bu3EdnSycntVJ4re8kgZA+wx9IueI2Y11bfbgwtzuE0KQ==",
      "license": "MIT",
      "engines": {
        "node": ">=0.10.0"
      }
    },
    "node_modules/tar-fs": {
      "version": "2.1.2",
      "resolved": "https://registry.npmjs.org/tar-fs/-/tar-fs-2.1.2.tgz",
      "integrity": "sha512-EsaAXwxmx8UB7FRKqeozqEPop69DXcmYwTQwXvyAPF352HJsPdkVhvTaDPYqfNgruveJIJy3TA2l+2zj8LJIJA==",
      "license": "MIT",
      "dependencies": {
        "chownr": "^1.1.1",
        "mkdirp-classic": "^0.5.2",
        "pump": "^3.0.0",
        "tar-stream": "^2.1.4"
      }
    },
    "node_modules/tar-stream": {
      "version": "2.2.0",
      "resolved": "https://registry.npmjs.org/tar-stream/-/tar-stream-2.2.0.tgz",
      "integrity": "sha512-ujeqbceABgwMZxEJnk2HDY2DlnUZ+9oEcb1KzTVfYHio0UE6dG71n60d8D2I4qNvleWrrXpmjpt7vZeF1LnMZQ==",
      "license": "MIT",
      "dependencies": {
        "bl": "^4.0.3",
        "end-of-stream": "^1.4.1",
        "fs-constants": "^1.0.0",
        "inherits": "^2.0.3",
        "readable-stream": "^3.1.1"
      },
      "engines": {
        "node": ">=6"
      }
    },
    "node_modules/tunnel-agent": {
      "version": "0.6.0",
      "resolved": "https://registry.npmjs.org/tunnel-agent/-/tunnel-agent-0.6.0.tgz",
      "integrity": "sha512-McnNiV1l8RYeY8tBgEpuodCC1mLUdbSN+CYBL7kJsJNInOP8UjDDEwdk6Mw60vdLLrr5NHKZhMAOSrR2NZuQ+w==",
      "license": "Apache-2.0",
      "dependencies": {
        "safe-buffer": "^5.0.1"
      },
      "engines": {
        "node": "*"
      }
    },
    "node_modules/util-deprecate": {
      "version": "1.0.2",
      "resolved": "https://registry.npmjs.org/util-deprecate/-/util-deprecate-1.0.2.tgz",
      "integrity": "sha512-EPD5q1uXyFxJpCrLnCc1nHnq3gOa6DZBocAIiI2TaSCA7VCJ1UJDMagCzIkXNsUYfD1daK//LTEQ8xiIbrHtcw==",
      "license": "MIT"
    },
    "node_modules/victory": {
      "version": "37.3.6",
      "resolved": "https://registry.npmjs.org/victory/-/victory-37.3.6.tgz",
      "integrity": "sha512-CZ1vjvra0R1U3T2dMI4EsjI8Ng+JmQ2ox/EweSzjkTnHfW/Vn5ylryadawDiYjDMcBvABjO3uODsIlSEm4d/Sw==",
      "license": "MIT",
      "dependencies": {
        "victory-area": "37.3.6",
        "victory-axis": "37.3.6",
        "victory-bar": "37.3.6",
        "victory-box-plot": "37.3.6",
        "victory-brush-container": "37.3.6",
        "victory-brush-line": "37.3.6",
        "victory-candlestick": "37.3.6",
        "victory-canvas": "37.3.6",
        "victory-chart": "37.3.6",
        "victory-core": "37.3.6",
        "victory-create-container": "37.3.6",
        "victory-cursor-container": "37.3.6",
        "victory-errorbar": "37.3.6",
        "victory-group": "37.3.6",
        "victory-histogram": "37.3.6",
        "victory-legend": "37.3.6",
        "victory-line": "37.3.6",
        "victory-pie": "37.3.6",
        "victory-polar-axis": "37.3.6",
        "victory-scatter": "37.3.6",
        "victory-selection-container": "37.3.6",
        "victory-shared-events": "37.3.6",
        "victory-stack": "37.3.6",
        "victory-tooltip": "37.3.6",
        "victory-voronoi": "37.3.6",
        "victory-voronoi-container": "37.3.6",
        "victory-zoom-container": "37.3.6"
      },
      "engines": {
        "node": ">=18.0.0"
      },
      "peerDependencies": {
        "react": ">=16.6.0"
      }
    },
    "node_modules/victory-area": {
      "version": "37.3.6",
      "resolved": "https://registry.npmjs.org/victory-area/-/victory-area-37.3.6.tgz",
      "integrity": "sha512-wVC8LKrZJLiSySNuJLRCB449qZTsPiRyzLlNoJwe21y+XA/a2HJbmJSeywmo8P153aX8viKe1H8ygDsTFXQhHw==",
      "license": "MIT",
      "dependencies": {
        "lodash": "^4.17.19",
        "victory-core": "37.3.6",
        "victory-vendor": "37.3.6"
      },
      "engines": {
        "node": ">=18.0.0"
      },
      "peerDependencies": {
        "react": ">=16.6.0"
      }
    },
    "node_modules/victory-axis": {
      "version": "37.3.6",
      "resolved": "https://registry.npmjs.org/victory-axis/-/victory-axis-37.3.6.tgz",
      "integrity": "sha512-Vi0dZvgmXmnCdoqc49WckeG5cMXnl7FTtqVhXu9JweA9cgCnkZabBd5mRvAjblb3Lo4j0HZCSPKHYWUPW70qZg==",
      "license": "MIT",
      "dependencies": {
        "lodash": "^4.17.19",
        "victory-core": "37.3.6"
      },
      "engines": {
        "node": ">=18.0.0"
      },
      "peerDependencies": {
        "react": ">=16.6.0"
      }
    },
    "node_modules/victory-bar": {
      "version": "37.3.6",
      "resolved": "https://registry.npmjs.org/victory-bar/-/victory-bar-37.3.6.tgz",
      "integrity": "sha512-jdATFRWL1LUW/yEpKWx/aId2BiU2o1pPF9+Kh1TFISBduJoI4ZqvZD90H1QK4f/z50PikqiqiDECaKoKM1jfOQ==",
      "license": "MIT",
      "dependencies": {
        "lodash": "^4.17.19",
        "victory-core": "37.3.6",
        "victory-vendor": "37.3.6"
      },
      "engines": {
        "node": ">=18.0.0"
      },
      "peerDependencies": {
        "react": ">=16.6.0"
      }
    },
    "node_modules/victory-box-plot": {
      "version": "37.3.6",
      "resolved": "https://registry.npmjs.org/victory-box-plot/-/victory-box-plot-37.3.6.tgz",
      "integrity": "sha512-GOucnD63h14ScBuISC/nd1GBTEx6gIZfLE+0P0gyeH1poBKq0trTTvpQDvAMuGR8zICfEETG3ltmUMCwRrFyUg==",
      "license": "MIT",
      "dependencies": {
        "lodash": "^4.17.19",
        "victory-core": "37.3.6",
        "victory-vendor": "37.3.6"
      },
      "engines": {
        "node": ">=18.0.0"
      },
      "peerDependencies": {
        "react": ">=16.6.0"
      }
    },
    "node_modules/victory-brush-container": {
      "version": "37.3.6",
      "resolved": "https://registry.npmjs.org/victory-brush-container/-/victory-brush-container-37.3.6.tgz",
      "integrity": "sha512-LfZ2CgX1cYAqCtYxcSB68OfZS2v0T2VLXoEArd0lCXfRBY1Gya7GacCUcuo7GoK9XOXeslx7S/U95aVutt1VLg==",
      "license": "MIT",
      "dependencies": {
        "lodash": "^4.17.19",
        "react-fast-compare": "^3.2.0",
        "victory-core": "37.3.6"
      },
      "engines": {
        "node": ">=18.0.0"
      },
      "peerDependencies": {
        "react": ">=16.6.0"
      }
    },
    "node_modules/victory-brush-line": {
      "version": "37.3.6",
      "resolved": "https://registry.npmjs.org/victory-brush-line/-/victory-brush-line-37.3.6.tgz",
      "integrity": "sha512-zsZJfF1fUj4F7mUoIMV+h73qoTClPA4bKM1terlYrDBD8l/c/f0KBbEotu3E1X+n4QMmDRruswaB/YUdqK5QLA==",
      "license": "MIT",
      "dependencies": {
        "lodash": "^4.17.19",
        "react-fast-compare": "^3.2.0",
        "victory-core": "37.3.6"
      },
      "engines": {
        "node": ">=18.0.0"
      },
      "peerDependencies": {
        "react": ">=16.6.0"
      }
    },
    "node_modules/victory-candlestick": {
      "version": "37.3.6",
      "resolved": "https://registry.npmjs.org/victory-candlestick/-/victory-candlestick-37.3.6.tgz",
      "integrity": "sha512-h/mOmkCrsWrirn4dFnpLxJPXpxT+uHxuYxnXGrAyH+YUOrVj3iKaDJlEiVlz5vy30syE5j5hzTQCMsZ/hzHNdg==",
      "license": "MIT",
      "dependencies": {
        "lodash": "^4.17.19",
        "victory-core": "37.3.6"
      },
      "engines": {
        "node": ">=18.0.0"
      },
      "peerDependencies": {
        "react": ">=16.6.0"
      }
    },
    "node_modules/victory-canvas": {
      "version": "37.3.6",
      "resolved": "https://registry.npmjs.org/victory-canvas/-/victory-canvas-37.3.6.tgz",
      "integrity": "sha512-1CD4S0uZ92sUGGSIEQferEfSqd/z9EXw9G6zkzPIoJeTKFshpfqCjUkNRx9Iu9Upxt3fUpId8Qwl1YfchmbrFg==",
      "license": "MIT",
      "dependencies": {
        "lodash": "^4.17.19",
        "victory-bar": "37.3.6",
        "victory-core": "37.3.6"
      },
      "engines": {
        "node": ">=18.0.0"
      },
      "peerDependencies": {
        "react": ">=16.6.0"
      }
    },
    "node_modules/victory-chart": {
      "version": "37.3.6",
      "resolved": "https://registry.npmjs.org/victory-chart/-/victory-chart-37.3.6.tgz",
      "integrity": "sha512-IkPo/W4AJ7bPu902TGER09OseR9ODm+FQAKfOBw4JsdEhZZ7BiG9zgd/25+x0r5EsTLu81CYGQVkBa+ZazcOlA==",
      "license": "MIT",
      "dependencies": {
        "lodash": "^4.17.19",
        "react-fast-compare": "^3.2.0",
        "victory-axis": "37.3.6",
        "victory-core": "37.3.6",
        "victory-polar-axis": "37.3.6",
        "victory-shared-events": "37.3.6"
      },
      "engines": {
        "node": ">=18.0.0"
      },
      "peerDependencies": {
        "react": ">=16.6.0"
      }
    },
    "node_modules/victory-core": {
      "version": "37.3.6",
      "resolved": "https://registry.npmjs.org/victory-core/-/victory-core-37.3.6.tgz",
      "integrity": "sha512-aFgO6KokxPbUCPznZP5UPhOdI22pMuwDXKDt6eoQOnkVim66Ia+K95TQar2nwVKGYV5j26aKVf/n9blwphGJRw==",
      "license": "MIT",
      "dependencies": {
        "lodash": "^4.17.21",
        "react-fast-compare": "^3.2.0",
        "victory-vendor": "37.3.6"
      },
      "engines": {
        "node": ">=18.0.0"
      },
      "peerDependencies": {
        "react": ">=16.6.0"
      }
    },
    "node_modules/victory-create-container": {
      "version": "37.3.6",
      "resolved": "https://registry.npmjs.org/victory-create-container/-/victory-create-container-37.3.6.tgz",
      "integrity": "sha512-Uf5bFQvqUsXCjqpvBW4LhrdrHkM6dBqxYgub6FCsBb86f84xZQ3vY7jFkg/JfvF0oGKMoWXYYrYLC1sk+fcWVA==",
      "license": "MIT",
      "dependencies": {
        "lodash": "^4.17.19",
        "victory-brush-container": "37.3.6",
        "victory-core": "37.3.6",
        "victory-cursor-container": "37.3.6",
        "victory-selection-container": "37.3.6",
        "victory-voronoi-container": "37.3.6",
        "victory-zoom-container": "37.3.6"
      },
      "engines": {
        "node": ">=18.0.0"
      },
      "peerDependencies": {
        "react": ">=16.6.0"
      }
    },
    "node_modules/victory-cursor-container": {
      "version": "37.3.6",
      "resolved": "https://registry.npmjs.org/victory-cursor-container/-/victory-cursor-container-37.3.6.tgz",
      "integrity": "sha512-+Oiw57d5nE+iq8As8RvepknzmNtKq1Gsc50u1X3IRd4jXtX8zqZrgXGlVZ+BP/tkLsWnGYVjKulwKBf2oaEUuw==",
      "license": "MIT",
      "dependencies": {
        "lodash": "^4.17.19",
        "victory-core": "37.3.6"
      },
      "engines": {
        "node": ">=18.0.0"
      },
      "peerDependencies": {
        "react": ">=16.6.0"
      }
    },
    "node_modules/victory-errorbar": {
      "version": "37.3.6",
      "resolved": "https://registry.npmjs.org/victory-errorbar/-/victory-errorbar-37.3.6.tgz",
      "integrity": "sha512-WGAv/qizOlfmwKv+Yfxr4q6pDgTfloNQwi3Z3M0h8povjMZt74tHYkvi/TASSRYr3zv5kjUqUJ28qAyGMWwryQ==",
      "license": "MIT",
      "dependencies": {
        "lodash": "^4.17.19",
        "victory-core": "37.3.6"
      },
      "engines": {
        "node": ">=18.0.0"
      },
      "peerDependencies": {
        "react": ">=16.6.0"
      }
    },
    "node_modules/victory-group": {
      "version": "37.3.6",
      "resolved": "https://registry.npmjs.org/victory-group/-/victory-group-37.3.6.tgz",
      "integrity": "sha512-kgy/Azl5BxwlJAV0KDPGypv35TMrOD1J2ZxnJW2Wyyq+e8i0GGBIv5MoBzou64BRsDlS9V0CYRIjnkHgrBpB5w==",
      "license": "MIT",
      "dependencies": {
        "lodash": "^4.17.19",
        "react-fast-compare": "^3.2.0",
        "victory-core": "37.3.6",
        "victory-shared-events": "37.3.6"
      },
      "engines": {
        "node": ">=18.0.0"
      },
      "peerDependencies": {
        "react": ">=16.6.0"
      }
    },
    "node_modules/victory-histogram": {
      "version": "37.3.6",
      "resolved": "https://registry.npmjs.org/victory-histogram/-/victory-histogram-37.3.6.tgz",
      "integrity": "sha512-K4d43MpXHYnGCLEMzfRpJ+lCRRDKALPi/juxfMGVzBPzSMgjC8h9x6hKdxaejiTd/E04UdzNO7J24plL3Uz8rA==",
      "license": "MIT",
      "dependencies": {
        "lodash": "^4.17.19",
        "react-fast-compare": "^3.2.0",
        "victory-bar": "37.3.6",
        "victory-core": "37.3.6",
        "victory-vendor": "37.3.6"
      },
      "engines": {
        "node": ">=18.0.0"
      },
      "peerDependencies": {
        "react": ">=16.6.0"
      }
    },
    "node_modules/victory-legend": {
      "version": "37.3.6",
      "resolved": "https://registry.npmjs.org/victory-legend/-/victory-legend-37.3.6.tgz",
      "integrity": "sha512-vRRrhj3/ENqKVLdaBMzEmR83N6BOjox1bthYT1eJjN2H5SIK35bxn30IkiV/Pz3y627EqZe4TAWaxc0jiJlCiA==",
      "license": "MIT",
      "dependencies": {
        "lodash": "^4.17.19",
        "victory-core": "37.3.6"
      },
      "engines": {
        "node": ">=18.0.0"
      },
      "peerDependencies": {
        "react": ">=16.6.0"
      }
    },
    "node_modules/victory-line": {
      "version": "37.3.6",
      "resolved": "https://registry.npmjs.org/victory-line/-/victory-line-37.3.6.tgz",
      "integrity": "sha512-Ke817uf/qFbN9jU7Dba7CrcHXYO5wAZuKKnyeHJmLDeQeFST0773xejnIuC+dBgZipjFr4KIbSd+VcUafFNE1g==",
      "license": "MIT",
      "dependencies": {
        "lodash": "^4.17.19",
        "victory-core": "37.3.6",
        "victory-vendor": "37.3.6"
      },
      "engines": {
        "node": ">=18.0.0"
      },
      "peerDependencies": {
        "react": ">=16.6.0"
      }
    },
    "node_modules/victory-pie": {
      "version": "37.3.6",
      "resolved": "https://registry.npmjs.org/victory-pie/-/victory-pie-37.3.6.tgz",
      "integrity": "sha512-tvdgAZ/HQWlo3KDDe0XAVbizHuaNMbgkkiF7zfA7Ww+3bHSs+0P9dsDtK2xP365D8gBCOv8pWmuzvKRhzNbqeA==",
      "license": "MIT",
      "dependencies": {
        "lodash": "^4.17.19",
        "victory-core": "37.3.6",
        "victory-vendor": "37.3.6"
      },
      "engines": {
        "node": ">=18.0.0"
      },
      "peerDependencies": {
        "react": ">=16.6.0"
      }
    },
    "node_modules/victory-polar-axis": {
      "version": "37.3.6",
      "resolved": "https://registry.npmjs.org/victory-polar-axis/-/victory-polar-axis-37.3.6.tgz",
      "integrity": "sha512-RpFsCkzHezJq5P+C/wtVdjEHX25JIFsSgs6qYSnfr/hayaFbWgK5HhRFpriQm5hg61cx47WxAOLyHvzf0nasvw==",
      "license": "MIT",
      "dependencies": {
        "lodash": "^4.17.19",
        "victory-core": "37.3.6"
      },
      "engines": {
        "node": ">=18.0.0"
      },
      "peerDependencies": {
        "react": ">=16.6.0"
      }
    },
    "node_modules/victory-scatter": {
      "version": "37.3.6",
      "resolved": "https://registry.npmjs.org/victory-scatter/-/victory-scatter-37.3.6.tgz",
      "integrity": "sha512-fp95zMTPXgW1cmTowzDXhn+KxePMVDrzU0lotsHQMdBV7eB+ioXdu9hORlx4VHmMYg2ihsGwRTF+VAZ7rGxphA==",
      "license": "MIT",
      "dependencies": {
        "lodash": "^4.17.19",
        "victory-core": "37.3.6"
      },
      "engines": {
        "node": ">=18.0.0"
      },
      "peerDependencies": {
        "react": ">=16.6.0"
      }
    },
    "node_modules/victory-selection-container": {
      "version": "37.3.6",
      "resolved": "https://registry.npmjs.org/victory-selection-container/-/victory-selection-container-37.3.6.tgz",
      "integrity": "sha512-gd3qODDlBtLEJM7+2jCXk2YcLBUmIpYEEHswytMhwc6zihxXipGBUHRulhLj/I05mKay2gaOAg5ewiJHd4Awgw==",
      "license": "MIT",
      "dependencies": {
        "lodash": "^4.17.19",
        "victory-core": "37.3.6"
      },
      "engines": {
        "node": ">=18.0.0"
      },
      "peerDependencies": {
        "react": ">=16.6.0"
      }
    },
    "node_modules/victory-shared-events": {
      "version": "37.3.6",
      "resolved": "https://registry.npmjs.org/victory-shared-events/-/victory-shared-events-37.3.6.tgz",
      "integrity": "sha512-ygrbOtzLUTbtKebacZKyQRekhSAROnAvMkVI/PKsAGsz0ClY9P7qDEJG7eTUUygjO6ax0tI6WNE6JogQzeD1gw==",
      "license": "MIT",
      "dependencies": {
        "json-stringify-safe": "^5.0.1",
        "lodash": "^4.17.19",
        "react-fast-compare": "^3.2.0",
        "victory-core": "37.3.6"
      },
      "engines": {
        "node": ">=18.0.0"
      },
      "peerDependencies": {
        "react": ">=16.6.0"
      }
    },
    "node_modules/victory-stack": {
      "version": "37.3.6",
      "resolved": "https://registry.npmjs.org/victory-stack/-/victory-stack-37.3.6.tgz",
      "integrity": "sha512-ldod04RdqGJGH5p5eWXCofdTkbhZqIp3iwW7NpxSbMDLs8zPQIVvDFVtuJgMwQiC5vnIpbhMmxVeFbr8m64ZKA==",
      "license": "MIT",
      "dependencies": {
        "lodash": "^4.17.19",
        "react-fast-compare": "^3.2.0",
        "victory-core": "37.3.6",
        "victory-shared-events": "37.3.6"
      },
      "engines": {
        "node": ">=18.0.0"
      },
      "peerDependencies": {
        "react": ">=16.6.0"
      }
    },
    "node_modules/victory-tooltip": {
      "version": "37.3.6",
      "resolved": "https://registry.npmjs.org/victory-tooltip/-/victory-tooltip-37.3.6.tgz",
      "integrity": "sha512-vqaJS9noauOqDDBBAV9Ln9duOY/i17h1DCfCPAqhwPFyvFbwKvAub9zPTeYWAm/14VvWX5O/0yekFCVbcC7hjg==",
      "license": "MIT",
      "dependencies": {
        "lodash": "^4.17.19",
        "victory-core": "37.3.6"
      },
      "engines": {
        "node": ">=18.0.0"
      },
      "peerDependencies": {
        "react": ">=16.6.0"
      }
    },
    "node_modules/victory-vendor": {
      "version": "37.3.6",
      "resolved": "https://registry.npmjs.org/victory-vendor/-/victory-vendor-37.3.6.tgz",
      "integrity": "sha512-SbPDPdDBYp+5MJHhBCAyI7wKM3d5ivekigc2Dk2s7pgbZ9wIgIBYGVw4zGHBml/qTFbexrofXW6Gu4noGxrOwQ==",
      "license": "MIT AND ISC",
      "dependencies": {
        "@types/d3-array": "^3.0.3",
        "@types/d3-ease": "^3.0.0",
        "@types/d3-interpolate": "^3.0.1",
        "@types/d3-scale": "^4.0.2",
        "@types/d3-shape": "^3.1.0",
        "@types/d3-time": "^3.0.0",
        "@types/d3-timer": "^3.0.0",
        "d3-array": "^3.1.6",
        "d3-ease": "^3.0.1",
        "d3-interpolate": "^3.0.1",
        "d3-scale": "^4.0.2",
        "d3-shape": "^3.1.0",
        "d3-time": "^3.0.0",
        "d3-timer": "^3.0.1"
      }
    },
    "node_modules/victory-voronoi": {
      "version": "37.3.6",
      "resolved": "https://registry.npmjs.org/victory-voronoi/-/victory-voronoi-37.3.6.tgz",
      "integrity": "sha512-Q+1FWHp8IAbmDL9pGWS0y0N4Cb5qmD9OOgxoxCfIDsLlhGvd6LddhRoknWsN7WnreaK+XiwjSfQkdMTCZ4hdhQ==",
      "license": "MIT",
      "dependencies": {
        "d3-voronoi": "^1.1.4",
        "lodash": "^4.17.19",
        "victory-core": "37.3.6"
      },
      "engines": {
        "node": ">=18.0.0"
      },
      "peerDependencies": {
        "react": ">=16.6.0"
      }
    },
    "node_modules/victory-voronoi-container": {
      "version": "37.3.6",
      "resolved": "https://registry.npmjs.org/victory-voronoi-container/-/victory-voronoi-container-37.3.6.tgz",
      "integrity": "sha512-qAAG0rMuK7A4EoJ4cyUk5wNdOW+HuCXNKPOko+hYK6wWOYXJvFhiglYyA85a695YyAXECc6JyJS/crm4IOEFag==",
      "license": "MIT",
      "dependencies": {
        "delaunay-find": "0.0.6",
        "lodash": "^4.17.19",
        "react-fast-compare": "^3.2.0",
        "victory-core": "37.3.6",
        "victory-tooltip": "37.3.6"
      },
      "engines": {
        "node": ">=18.0.0"
      },
      "peerDependencies": {
        "react": ">=16.6.0"
      }
    },
    "node_modules/victory-zoom-container": {
      "version": "37.3.6",
      "resolved": "https://registry.npmjs.org/victory-zoom-container/-/victory-zoom-container-37.3.6.tgz",
      "integrity": "sha512-AGL+k20mI44OL5b0VgIxlmnNSefIoFmbbim5NraPmIxbtns9qQW/56ivIncJcYomBungIx99gUpsEpcQaMNHgQ==",
      "license": "MIT",
      "dependencies": {
        "lodash": "^4.17.19",
        "victory-core": "37.3.6"
      },
      "engines": {
        "node": ">=18.0.0"
      },
      "peerDependencies": {
        "react": ">=16.6.0"
      }
    },
    "node_modules/wrappy": {
      "version": "1.0.2",
      "resolved": "https://registry.npmjs.org/wrappy/-/wrappy-1.0.2.tgz",
      "integrity": "sha512-l4Sp/DRseor9wL6EvV2+TuQn63dMkPjZ/sp9XkghTEbV9KlPS1xUsZ3u7/IQO4wxtcFB4bgpQPRcR3QCvezPcQ==",
      "license": "ISC"
    }
  }
}
